
Microsoft Visual Studio Solution File, Format Version 12.00
# Visual Studio Version 16
VisualStudioVersion = 16.0.28803.352
MinimumVisualStudioVersion = 10.0.40219.1
Project("{FAE04EC0-301F-11D3-BF4B-00C04F79EFBC}") = "pr_pr_10", "pr_pr_10\pr_pr_10.csproj", "{70120CEA-4152-4363-AF0E-059CF5AF8520}"
EndProject
Global
	GlobalSection(SolutionConfigurationPlatforms) = preSolution
		Debug|Any CPU = Debug|Any CPU
		Release|Any CPU = Release|Any CPU
	EndGlobalSection
	GlobalSection(ProjectConfigurationPlatforms) = postSolution
		{70120CEA-4152-4363-AF0E-059CF5AF8520}.Debug|Any CPU.ActiveCfg = Debug|Any CPU
		{70120CEA-4152-4363-AF0E-059CF5AF8520}.Debug|Any CPU.Build.0 = Debug|Any CPU
		{70120CEA-4152-4363-AF0E-059CF5AF8520}.Release|Any CPU.ActiveCfg = Release|Any CPU
		{70120CEA-4152-4363-AF0E-059CF5AF8520}.Release|Any CPU.Build.0 = Release|Any CPU
	EndGlobalSection
	GlobalSection(SolutionProperties) = preSolution
		HideSolutionNode = FALSE
	EndGlobalSection
	GlobalSection(ExtensibilityGlobals) = postSolution
		SolutionGuid = {4E79081B-1776-46BF-9170-9AEFA1E52A4E}
	EndGlobalSection
EndGlobal
